
Microsoft Visual Studio Solution File, Format Version 12.00
# Visual Studio Version 17
VisualStudioVersion = 17.5.002.0
MinimumVisualStudioVersion = 10.0.40219.1
Project("{9A19103F-16F7-4668-BE54-9A1E7A4F7556}") = "MusicCreator", "MusicCreator.csproj", "{255CAD7A-7694-4B30-8AA3-97F4415B1852}"
EndProject
Global
	GlobalSection(SolutionConfigurationPlatforms) = preSolution
		Debug|Any CPU = Debug|Any CPU
		Release|Any CPU = Release|Any CPU
	EndGlobalSection
	GlobalSection(ProjectConfigurationPlatforms) = postSolution
		{255CAD7A-7694-4B30-8AA3-97F4415B1852}.Debug|Any CPU.ActiveCfg = Debug|Any CPU
		{255CAD7A-7694-4B30-8AA3-97F4415B1852}.Debug|Any CPU.Build.0 = Debug|Any CPU
		{255CAD7A-7694-4B30-8AA3-97F4415B1852}.Release|Any CPU.ActiveCfg = Release|Any CPU
		{255CAD7A-7694-4B30-8AA3-97F4415B1852}.Release|Any CPU.Build.0 = Release|Any CPU
	EndGlobalSection
	GlobalSection(SolutionProperties) = preSolution
		HideSolutionNode = FALSE
	EndGlobalSection
	GlobalSection(ExtensibilityGlobals) = postSolution
		SolutionGuid = {13E231B3-079E-484F-9C92-6D6C5A34E832}
	EndGlobalSection
EndGlobal
